Microsoft Visual Studio Solution File, Format Version 12.00
# Visual Studio Version 17
VisualStudioVersion = 17.5.2.0
MinimumVisualStudioVersion = 10.0.40219.1
Project("{FAE04EC0-301F-11D3-BF4B-00C04F79EFBC}") = "LaTeX", "LaTeX.csproj", "{677EB744-3C27-A912-F965-830F1EC86EB0}"
EndProject
Global
	GlobalSection(SolutionConfigurationPlatforms) = preSolution
		Debug|Any CPU = Debug|Any CPU
		Release|Any CPU = Release|Any CPU
	EndGlobalSection
	GlobalSection(ProjectConfigurationPlatforms) = postSolution
		{677EB744-3C27-A912-F965-830F1EC86EB0}.Debug|Any CPU.ActiveCfg = Debug|Any CPU
		{677EB744-3C27-A912-F965-830F1EC86EB0}.Debug|Any CPU.Build.0 = Debug|Any CPU
		{677EB744-3C27-A912-F965-830F1EC86EB0}.Release|Any CPU.ActiveCfg = Release|Any CPU
		{677EB744-3C27-A912-F965-830F1EC86EB0}.Release|Any CPU.Build.0 = Release|Any CPU
	EndGlobalSection
	GlobalSection(SolutionProperties) = preSolution
		HideSolutionNode = FALSE
	EndGlobalSection
	GlobalSection(ExtensibilityGlobals) = postSolution
		SolutionGuid = {A4DA5945-A48E-4A2C-AC4C-9342D5229CEE}
	EndGlobalSection
EndGlobal
